
Microsoft Visual Studio Solution File, Format Version 12.00
# Visual Studio Version 17
VisualStudioVersion = 17.8.34322.80
MinimumVisualStudioVersion = 10.0.40219.1
Project("{FAE04EC0-301F-11D3-BF4B-00C04F79EFBC}") = "Fibonacci_M.A.KHALILI", "Fibonacci_M.A.KHALILI\Fibonacci_M.A.KHALILI.csproj", "{2EE91F1D-290D-4552-9BE4-714109769229}"
EndProject
Global
	GlobalSection(SolutionConfigurationPlatforms) = preSolution
		Debug|Any CPU = Debug|Any CPU
		Release|Any CPU = Release|Any CPU
	EndGlobalSection
	GlobalSection(ProjectConfigurationPlatforms) = postSolution
		{2EE91F1D-290D-4552-9BE4-714109769229}.Debug|Any CPU.ActiveCfg = Debug|Any CPU
		{2EE91F1D-290D-4552-9BE4-714109769229}.Debug|Any CPU.Build.0 = Debug|Any CPU
		{2EE91F1D-290D-4552-9BE4-714109769229}.Release|Any CPU.ActiveCfg = Release|Any CPU
		{2EE91F1D-290D-4552-9BE4-714109769229}.Release|Any CPU.Build.0 = Release|Any CPU
	EndGlobalSection
	GlobalSection(SolutionProperties) = preSolution
		HideSolutionNode = FALSE
	EndGlobalSection
	GlobalSection(ExtensibilityGlobals) = postSolution
		SolutionGuid = {087ED135-D0BC-4169-BB6F-9376FC674BB7}
	EndGlobalSection
EndGlobal
